<Solution>
  <Folder Name="/Documents/">
    <File Path="工作流架构图.md" />
    <File Path="总体架构.md" />
  </Folder>
  <Folder Name="/ThirdLib/">
    <Project Path="Workflow.Studio.Nodify/Workflow.Studio.Nodify.csproj" />
    <Project Path="Workflow.Studio.Theme/Workflow.Studio.Theme.csproj" />
  </Folder>
  <Project Path="Workflow.Studio.Core/Workflow.Studio.Core.csproj" />
  <Project Path="Workflow.Studio.Core.Tests/Workflow.Studio.Core.Tests.csproj" />
  <Project Path="Workflow.Studio.Desktop/Workflow.Studio.Desktop.csproj" />
  <Project Path="Workflow.Studio.Nodes/Workflow.Studio.Nodes.csproj" />
  <Project Path="Workflow.Studio.Plugins/Workflow.Studio.Plugins.csproj" />
  <Project Path="Workflow.Studio.Workbench/Workflow.Studio.Workbench.csproj" />
</Solution>
